
Microsoft Visual Studio Solution File, Format Version 12.00
# Visual Studio Version 16
VisualStudioVersion = 16.0.29201.188
MinimumVisualStudioVersion = 10.0.40219.1
Project("{888888A0-9F3D-457C-B088-3A5042F75D52}") = "CalTools", "CalTools\CalTools.pyproj", "{0A69CAEF-1C36-473E-9453-B6CC5A5A0CD4}"
EndProject
Project("{FAE04EC0-301F-11D3-BF4B-00C04F79EFBC}") = "CalTools WPF", "CalTools WPF\CalTools WPF.csproj", "{09B24D32-169F-4BF6-9132-2F486A815C2F}"
EndProject
Global
	GlobalSection(SolutionConfigurationPlatforms) = preSolution
		Debug|Any CPU = Debug|Any CPU
		Release|Any CPU = Release|Any CPU
	EndGlobalSection
	GlobalSection(ProjectConfigurationPlatforms) = postSolution
		{0A69CAEF-1C36-473E-9453-B6CC5A5A0CD4}.Debug|Any CPU.ActiveCfg = Debug|Any CPU
		{0A69CAEF-1C36-473E-9453-B6CC5A5A0CD4}.Release|Any CPU.ActiveCfg = Release|Any CPU
		{09B24D32-169F-4BF6-9132-2F486A815C2F}.Debug|Any CPU.ActiveCfg = Debug|Any CPU
		{09B24D32-169F-4BF6-9132-2F486A815C2F}.Debug|Any CPU.Build.0 = Debug|Any CPU
		{09B24D32-169F-4BF6-9132-2F486A815C2F}.Release|Any CPU.ActiveCfg = Release|Any CPU
		{09B24D32-169F-4BF6-9132-2F486A815C2F}.Release|Any CPU.Build.0 = Release|Any CPU
	EndGlobalSection
	GlobalSection(SolutionProperties) = preSolution
		HideSolutionNode = FALSE
	EndGlobalSection
	GlobalSection(ExtensibilityGlobals) = postSolution
		SolutionGuid = {262C086A-5DFD-4956-9672-23B49170AF64}
	EndGlobalSection
EndGlobal
